
Microsoft Visual Studio Solution File, Format Version 12.00
# Visual Studio Version 17
VisualStudioVersion = 17.1.32328.378
MinimumVisualStudioVersion = 10.0.40219.1
Project("{FAE04EC0-301F-11D3-BF4B-00C04F79EFBC}") = "NBPAPI", "NBPAPI\NBPAPI.csproj", "{F7341A1D-4B30-46DE-8F2E-8D48F0358506}"
EndProject
Global
	GlobalSection(SolutionConfigurationPlatforms) = preSolution
		Debug|Any CPU = Debug|Any CPU
		Release|Any CPU = Release|Any CPU
	EndGlobalSection
	GlobalSection(ProjectConfigurationPlatforms) = postSolution
		{F7341A1D-4B30-46DE-8F2E-8D48F0358506}.Debug|Any CPU.ActiveCfg = Debug|Any CPU
		{F7341A1D-4B30-46DE-8F2E-8D48F0358506}.Debug|Any CPU.Build.0 = Debug|Any CPU
		{F7341A1D-4B30-46DE-8F2E-8D48F0358506}.Release|Any CPU.ActiveCfg = Release|Any CPU
		{F7341A1D-4B30-46DE-8F2E-8D48F0358506}.Release|Any CPU.Build.0 = Release|Any CPU
	EndGlobalSection
	GlobalSection(SolutionProperties) = preSolution
		HideSolutionNode = FALSE
	EndGlobalSection
	GlobalSection(ExtensibilityGlobals) = postSolution
		SolutionGuid = {EE82CD2A-7776-4283-9223-4AE65358E2CF}
	EndGlobalSection
EndGlobal
